{
    "_meta": {
        "hash": {
            "sha256": "3afe16147e335d2e80d4fc2116bde2f9f7ba0fdb27742636d1974efd2f3ed1df"
        },
        "pipfile-spec": 6,
        "requires": {
            "python_version": "3.9"
        },
        "sources": [
            {
                "name": "pypi",
                "url": "https://pypi.org/simple",
                "verify_ssl": true
            }
        ]
    },
    "default": {
        "py4j": {
            "hashes": [
                "sha256:36ec57f43ff8ced260a18aa9a4e46c3500a730cac8860e259cbaa546c2b9db2f",
                "sha256:859ba728a7bb43e9c2bf058832759fb97a598bb28cc12f34f5fc4abdec08ede6"
            ],
            "version": "==0.10.9"
        },
        "pyspark": {
            "hashes": [
                "sha256:5e25ebb18756e9715f4d26848cc7e558035025da74b4fc325a0ebc05ff538e65"
            ],
            "index": "pypi",
            "version": "==3.1.2"
        },
        "sparkmeasure": {
            "hashes": [
                "sha256:58fdfb98b724128ca7406760664bf7c03578c160dd3f48ebf5d686c0b7267101",
                "sha256:e647b12473c48c5493eb595f2acbf3f36a60232832fb301d9666444e1bd4709d"
            ],
            "index": "pypi",
            "version": "==0.14.0"
        }
    },
    "develop": {}
}
